
Microsoft Visual Studio Solution File, Format Version 12.00
# Visual Studio Version 16
VisualStudioVersion = 16.0.30804.86
MinimumVisualStudioVersion = 10.0.40219.1
Project("{9A19103F-16F7-4668-BE54-9A1E7A4F7556}") = "MovieDatabase", "MovieDatabase\MovieDatabase.csproj", "{07B0FED8-4D8B-4CD5-9676-25287ED3BF8A}"
EndProject
Project("{9A19103F-16F7-4668-BE54-9A1E7A4F7556}") = "MovieDatabase.Tests", "MovieDatabase.Tests\MovieDatabase.Tests.csproj", "{1800A9DC-2CE7-415F-B2EC-737A7FFE8E8F}"
EndProject
Project("{2150E333-8FDC-42A3-9474-1A3956D46DE8}") = "Solution Items", "Solution Items", "{F3E2F159-0ABD-4430-B1E9-B375457BCBB4}"
	ProjectSection(SolutionItems) = preProject
		Readme.md = Readme.md
	EndProjectSection
EndProject
Global
	GlobalSection(SolutionConfigurationPlatforms) = preSolution
		Debug|Any CPU = Debug|Any CPU
		Release|Any CPU = Release|Any CPU
	EndGlobalSection
	GlobalSection(ProjectConfigurationPlatforms) = postSolution
		{07B0FED8-4D8B-4CD5-9676-25287ED3BF8A}.Debug|Any CPU.ActiveCfg = Debug|Any CPU
		{07B0FED8-4D8B-4CD5-9676-25287ED3BF8A}.Debug|Any CPU.Build.0 = Debug|Any CPU
		{07B0FED8-4D8B-4CD5-9676-25287ED3BF8A}.Release|Any CPU.ActiveCfg = Release|Any CPU
		{07B0FED8-4D8B-4CD5-9676-25287ED3BF8A}.Release|Any CPU.Build.0 = Release|Any CPU
		{1800A9DC-2CE7-415F-B2EC-737A7FFE8E8F}.Debug|Any CPU.ActiveCfg = Debug|Any CPU
		{1800A9DC-2CE7-415F-B2EC-737A7FFE8E8F}.Debug|Any CPU.Build.0 = Debug|Any CPU
		{1800A9DC-2CE7-415F-B2EC-737A7FFE8E8F}.Release|Any CPU.ActiveCfg = Release|Any CPU
		{1800A9DC-2CE7-415F-B2EC-737A7FFE8E8F}.Release|Any CPU.Build.0 = Release|Any CPU
	EndGlobalSection
	GlobalSection(SolutionProperties) = preSolution
		HideSolutionNode = FALSE
	EndGlobalSection
	GlobalSection(ExtensibilityGlobals) = postSolution
		SolutionGuid = {18E0977B-832D-4B42-8F4F-4EA2386380F2}
	EndGlobalSection
EndGlobal
